// !$*UTF8*$!
{
	archiveVersion = 1;
	classes = {
	};
	objectVersion = 50;
	objects = {

/* Begin PBXBuildFile section */
		41EA0AE029CB6A2A00E72E4D /* AppDelegate.swift in Sources */ = {isa = PBXBuildFile; fileRef = 41EA0ADF29CB6A2A00E72E4D /* AppDelegate.swift */; };
		41EA0AE229CB6A2A00E72E4D /* SceneDelegate.swift in Sources */ = {isa = PBXBuildFile; fileRef = 41EA0AE129CB6A2A00E72E4D /* SceneDelegate.swift */; };
		41EA0AE429CB6A2A00E72E4D /* ViewController.swift in Sources */ = {isa = PBXBuildFile; fileRef = 41EA0AE329CB6A2A00E72E4D /* ViewController.swift */; };
		41EA0AE929CB6A4800E72E4D /* Assets.xcassets in Resources */ = {isa = PBXBuildFile; fileRef = 41EA0AE829CB6A4800E72E4D /* Assets.xcassets */; };
		41EA0AEC29CB6A4800E72E4D /* LaunchScreen.storyboard in Resources */ = {isa = PBXBuildFile; fileRef = 41EA0AEA29CB6A4800E72E4D /* LaunchScreen.storyboard */; };
		41EA0AF729CB6A4B00E72E4D /* calculator_divyaTests.swift in Sources */ = {isa = PBXBuildFile; fileRef = 41EA0AF629CB6A4B00E72E4D /* calculator_divyaTests.swift */; };
		41EA0B0229CB6A4B00E72E4D /* calculator_divyaUITests.swift in Sources */ = {isa = PBXBuildFile; fileRef = 41EA0B0129CB6A4B00E72E4D /* calculator_divyaUITests.swift */; };
		41EA0B1429CB6A8900E72E4D /* Main.storyboard in Resources */ = {isa = PBXBuildFile; fileRef = 41EA0B1229CB6A8800E72E4D /* Main.storyboard */; };
/* End PBXBuildFile section */

/* Begin PBXContainerItemProxy section */
		41EA0AF329CB6A4B00E72E4D /* PBXContainerItemProxy */ = {
			isa = PBXContainerItemProxy;
			containerPortal = 41EA0AD429CB6A2A00E72E4D /* Project object */;
			proxyType = 1;
			remoteGlobalIDString = 41EA0ADB29CB6A2A00E72E4D;
			remoteInfo = calculator_divya;
		};
		41EA0AFE29CB6A4B00E72E4D /* PBXContainerItemProxy */ = {
			isa = PBXContainerItemProxy;
			containerPortal = 41EA0AD429CB6A2A00E72E4D /* Project object */;
			proxyType = 1;
			remoteGlobalIDString = 41EA0ADB29CB6A2A00E72E4D;
			remoteInfo = calculator_divya;
		};
/* End PBXContainerItemProxy section */

/* Begin PBXFileReference section */
		41EA0ADC29CB6A2A00E72E4D /* calculator_divya.app */ = {isa = PBXFileReference; explicitFileType = wrapper.application; includeInIndex = 0; path = calculator_divya.app; sourceTree = BUILT_PRODUCTS_DIR; };
		41EA0ADF29CB6A2A00E72E4D /* AppDelegate.swift */ = {isa = PBXFileReference; lastKnownFileType = sourcecode.swift; path = AppDelegate.swift; sourceTree = "<group>"; };
		41EA0AE129CB6A2A00E72E4D /* SceneDelegate.swift */ = {isa = PBXFileReference; lastKnownFileType = sourcecode.swift; path = SceneDelegate.swift; sourceTree = "<group>"; };
		41EA0AE329CB6A2A00E72E4D /* ViewController.swift */ = {isa = PBXFileReference; lastKnownFileType = sourcecode.swift; path = ViewController.swift; sourceTree = "<group>"; };
		41EA0AE829CB6A4800E72E4D /* Assets.xcassets */ = {isa = PBXFileReference; lastKnownFileType = folder.assetcatalog; path = Assets.xcassets; sourceTree = "<group>"; };
		41EA0AEB29CB6A4800E72E4D /* Base */ = {isa = PBXFileReference; lastKnownFileType = file.storyboard; name = Base; path = Base.lproj/LaunchScreen.storyboard; sourceTree = "<group>"; };
		41EA0AED29CB6A4800E72E4D /* Info.plist */ = {isa = PBXFileReference; lastKnownFileType = text.plist.xml; path = Info.plist; sourceTree = "<group>"; };
		41EA0AF229CB6A4B00E72E4D /* calculator_divyaTests.xctest */ = {isa = PBXFileReference; explicitFileType = wrapper.cfbundle; includeInIndex = 0; path = calculator_divyaTests.xctest; sourceTree = BUILT_PRODUCTS_DIR; };
		41EA0AF629CB6A4B00E72E4D /* calculator_divyaTests.swift */ = {isa = PBXFileReference; lastKnownFileType = sourcecode.swift; path = calculator_divyaTests.swift; sourceTree = "<group>"; };
		41EA0AF829CB6A4B00E72E4D /* Info.plist */ = {isa = PBXFileReference; lastKnownFileType = text.plist.xml; path = Info.plist; sourceTree = "<group>"; };
		41EA0AFD29CB6A4B00E72E4D /* calculator_divyaUITests.xctest */ = {isa = PBXFileReference; explicitFileType = wrapper.cfbundle; includeInIndex = 0; path = calculator_divyaUITests.xctest; sourceTree = BUILT_PRODUCTS_DIR; };
		41EA0B0129CB6A4B00E72E4D /* calculator_divyaUITests.swift */ = {isa = PBXFileReference; lastKnownFileType = sourcecode.swift; path = calculator_divyaUITests.swift; sourceTree = "<group>"; };
		41EA0B0329CB6A4C00E72E4D /* Info.plist */ = {isa = PBXFileReference; lastKnownFileType = text.plist.xml; path = Info.plist; sourceTree = "<group>"; };
		41EA0B1329CB6A8800E72E4D /* Base */ = {isa = PBXFileReference; lastKnownFileType = file.storyboard; name = Base; path = ../../../Assignment/Calculator_App/Calculator_App/Base.lproj/Main.storyboard; sourceTree = "<group>"; };
/* End PBXFileReference section */

/* Begin PBXFrameworksBuildPhase section */
		41EA0AD929CB6A2A00E72E4D /* Frameworks */ = {
			isa = PBXFrameworksBuildPhase;
			buildActionMask = 2147483647;
			files = (
			);
			runOnlyForDeploymentPostprocessing = 0;
		};
		41EA0AEF29CB6A4B00E72E4D /* Frameworks */ = {
			isa = PBXFrameworksBuildPhase;
			buildActionMask = 2147483647;
			files = (
			);
			runOnlyForDeploymentPostprocessing = 0;
		};
		41EA0AFA29CB6A4B00E72E4D /* Frameworks */ = {
			isa = PBXFrameworksBuildPhase;
			buildActionMask = 2147483647;
			files = (
			);
			runOnlyForDeploymentPostprocessing = 0;
		};
/* End PBXFrameworksBuildPhase section */

/* Begin PBXGroup section */
		41EA0AD329CB6A2A00E72E4D = {
			isa = PBXGroup;
			children = (
				41EA0ADE29CB6A2A00E72E4D /* calculator_divya */,
				41EA0AF529CB6A4B00E72E4D /* calculator_divyaTests */,
				41EA0B0029CB6A4B00E72E4D /* calculator_divyaUITests */,
				41EA0ADD29CB6A2A00E72E4D /* Products */,
			);
			sourceTree = "<group>";
		};
		41EA0ADD29CB6A2A00E72E4D /* Products */ = {
			isa = PBXGroup;
			children = (
				41EA0ADC29CB6A2A00E72E4D /* calculator_divya.app */,
				41EA0AF229CB6A4B00E72E4D /* calculator_divyaTests.xctest */,
				41EA0AFD29CB6A4B00E72E4D /* calculator_divyaUITests.xctest */,
			);
			name = Products;
			sourceTree = "<group>";
		};
		41EA0ADE29CB6A2A00E72E4D /* calculator_divya */ = {
			isa = PBXGroup;
			children = (
				41EA0ADF29CB6A2A00E72E4D /* AppDelegate.swift */,
				41EA0AE129CB6A2A00E72E4D /* SceneDelegate.swift */,
				41EA0AE329CB6A2A00E72E4D /* ViewController.swift */,
				41EA0B1229CB6A8800E72E4D /* Main.storyboard */,
				41EA0AE829CB6A4800E72E4D /* Assets.xcassets */,
				41EA0AEA29CB6A4800E72E4D /* LaunchScreen.storyboard */,
				41EA0AED29CB6A4800E72E4D /* Info.plist */,
			);
			path = calculator_divya;
			sourceTree = "<group>";
		};
		41EA0AF529CB6A4B00E72E4D /* calculator_divyaTests */ = {
			isa = PBXGroup;
			children = (
				41EA0AF629CB6A4B00E72E4D /* calculator_divyaTests.swift */,
				41EA0AF829CB6A4B00E72E4D /* Info.plist */,
			);
			path = calculator_divyaTests;
			sourceTree = "<group>";
		};
		41EA0B0029CB6A4B00E72E4D /* calculator_divyaUITests */ = {
			isa = PBXGroup;
			children = (
				41EA0B0129CB6A4B00E72E4D /* calculator_divyaUITests.swift */,
				41EA0B0329CB6A4C00E72E4D /* Info.plist */,
			);
			path = calculator_divyaUITests;
			sourceTree = "<group>";
		};
/* End PBXGroup section */

/* Begin PBXNativeTarget section */
		41EA0ADB29CB6A2A00E72E4D /* calculator_divya */ = {
			isa = PBXNativeTarget;
			buildConfigurationList = 41EA0B0629CB6A4C00E72E4D /* Build configuration list for PBXNativeTarget "calculator_divya" */;
			buildPhases = (
				41EA0AD829CB6A2A00E72E4D /* Sources */,
				41EA0AD929CB6A2A00E72E4D /* Frameworks */,
				41EA0ADA29CB6A2A00E72E4D /* Resources */,
			);
			buildRules = (
			);
			dependencies = (
			);
			name = calculator_divya;
			productName = calculator_divya;
			productReference = 41EA0ADC29CB6A2A00E72E4D /* calculator_divya.app */;
			productType = "com.apple.product-type.application";
		};
		41EA0AF129CB6A4B00E72E4D /* calculator_divyaTests */ = {
			isa = PBXNativeTarget;
			buildConfigurationList = 41EA0B0929CB6A4C00E72E4D /* Build configuration list for PBXNativeTarget "calculator_divyaTests" */;
			buildPhases = (
				41EA0AEE29CB6A4B00E72E4D /* Sources */,
				41EA0AEF29CB6A4B00E72E4D /* Frameworks */,
				41EA0AF029CB6A4B00E72E4D /* Resources */,
			);
			buildRules = (
			);
			dependencies = (
				41EA0AF429CB6A4B00E72E4D /* PBXTargetDependency */,
			);
			name = calculator_divyaTests;
			productName = calculator_divyaTests;
			productReference = 41EA0AF229CB6A4B00E72E4D /* calculator_divyaTests.xctest */;
			productType = "com.apple.product-type.bundle.unit-test";
		};
		41EA0AFC29CB6A4B00E72E4D /* calculator_divyaUITests */ = {
			isa = PBXNativeTarget;
			buildConfigurationList = 41EA0B0C29CB6A4C00E72E4D /* Build configuration list for PBXNativeTarget "calculator_divyaUITests" */;
			buildPhases = (
				41EA0AF929CB6A4B00E72E4D /* Sources */,
				41EA0AFA29CB6A4B00E72E4D /* Frameworks */,
				41EA0AFB29CB6A4B00E72E4D /* Resources */,
			);
			buildRules = (
			);
			dependencies = (
				41EA0AFF29CB6A4B00E72E4D /* PBXTargetDependency */,
			);
			name = calculator_divyaUITests;
			productName = calculator_divyaUITests;
			productReference = 41EA0AFD29CB6A4B00E72E4D /* calculator_divyaUITests.xctest */;
			productType = "com.apple.product-type.bundle.ui-testing";
		};
/* End PBXNativeTarget section */

/* Begin PBXProject section */
		41EA0AD429CB6A2A00E72E4D /* Project object */ = {
			isa = PBXProject;
			attributes = {
				LastSwiftUpdateCheck = 1240;
				LastUpgradeCheck = 1240;
				TargetAttributes = {
					41EA0ADB29CB6A2A00E72E4D = {
						CreatedOnToolsVersion = 12.4;
					};
					41EA0AF129CB6A4B00E72E4D = {
						CreatedOnToolsVersion = 12.4;
						TestTargetID = 41EA0ADB29CB6A2A00E72E4D;
					};
					41EA0AFC29CB6A4B00E72E4D = {
						CreatedOnToolsVersion = 12.4;
						TestTargetID = 41EA0ADB29CB6A2A00E72E4D;
					};
				};
			};
			buildConfigurationList = 41EA0AD729CB6A2A00E72E4D /* Build configuration list for PBXProject "calculator_divya" */;
			compatibilityVersion = "Xcode 9.3";
			developmentRegion = en;
			hasScannedForEncodings = 0;
			knownRegions = (
				en,
				Base,
			);
			mainGroup = 41EA0AD329CB6A2A00E72E4D;
			productRefGroup = 41EA0ADD29CB6A2A00E72E4D /* Products */;
			projectDirPath = "";
			projectRoot = "";
			targets = (
				41EA0ADB29CB6A2A00E72E4D /* calculator_divya */,
				41EA0AF129CB6A4B00E72E4D /* calculator_divyaTests */,
				41EA0AFC29CB6A4B00E72E4D /* calculator_divyaUITests */,
			);
		};
/* End PBXProject section */

/* Begin PBXResourcesBuildPhase section */
		41EA0ADA29CB6A2A00E72E4D /* Resources */ = {
			isa = PBXResourcesBuildPhase;
			buildActionMask = 2147483647;
			files = (
				41EA0AEC29CB6A4800E72E4D /* LaunchScreen.storyboard in Resources */,
				41EA0AE929CB6A4800E72E4D /* Assets.xcassets in Resources */,
				41EA0B1429CB6A8900E72E4D /* Main.storyboard in Resources */,
			);
			runOnlyForDeploymentPostprocessing = 0;
		};
		41EA0AF029CB6A4B00E72E4D /* Resources */ = {
			isa = PBXResourcesBuildPhase;
			buildActionMask = 2147483647;
			files = (
			);
			runOnlyForDeploymentPostprocessing = 0;
		};
		41EA0AFB29CB6A4B00E72E4D /* Resources */ = {
			isa = PBXResourcesBuildPhase;
			buildActionMask = 2147483647;
			files = (
			);
			runOnlyForDeploymentPostprocessing = 0;
		};
/* End PBXResourcesBuildPhase section */

/* Begin PBXSourcesBuildPhase section */
		41EA0AD829CB6A2A00E72E4D /* Sources */ = {
			isa = PBXSourcesBuildPhase;
			buildActionMask = 2147483647;
			files = (
				41EA0AE429CB6A2A00E72E4D /* ViewController.swift in Sources */,
				41EA0AE029CB6A2A00E72E4D /* AppDelegate.swift in Sources */,
				41EA0AE229CB6A2A00E72E4D /* SceneDelegate.swift in Sources */,
			);
			runOnlyForDeploymentPostprocessing = 0;
		};
		41EA0AEE29CB6A4B00E72E4D /* Sources */ = {
			isa = PBXSourcesBuildPhase;
			buildActionMask = 2147483647;
			files = (
				41EA0AF729CB6A4B00E72E4D /* calculator_divyaTests.swift in Sources */,
			);
			runOnlyForDeploymentPostprocessing = 0;
		};
		41EA0AF929CB6A4B00E72E4D /* Sources */ = {
			isa = PBXSourcesBuildPhase;
			buildActionMask = 2147483647;
			files = (
				41EA0B0229CB6A4B00E72E4D /* calculator_divyaUITests.swift in Sources */,
			);
			runOnlyForDeploymentPostprocessing = 0;
		};
/* End PBXSourcesBuildPhase section */

/* Begin PBXTargetDependency section */
		41EA0AF429CB6A4B00E72E4D /* PBXTargetDependency */ = {
			isa = PBXTargetDependency;
			target = 41EA0ADB29CB6A2A00E72E4D /* calculator_divya */;
			targetProxy = 41EA0AF329CB6A4B00E72E4D /* PBXContainerItemProxy */;
		};
		41EA0AFF29CB6A4B00E72E4D /* PBXTargetDependency */ = {
			isa = PBXTargetDependency;
			target = 41EA0ADB29CB6A2A00E72E4D /* calculator_divya */;
			targetProxy = 41EA0AFE29CB6A4B00E72E4D /* PBXContainerItemProxy */;
		};
/* End PBXTargetDependency section */

/* Begin PBXVariantGroup section */
		41EA0AEA29CB6A4800E72E4D /* LaunchScreen.storyboard */ = {
			isa = PBXVariantGroup;
			children = (
				41EA0AEB29CB6A4800E72E4D /* Base */,
			);
			name = LaunchScreen.storyboard;
			sourceTree = "<group>";
		};
		41EA0B1229CB6A8800E72E4D /* Main.storyboard */ = {
			isa = PBXVariantGroup;
			children = (
				41EA0B1329CB6A8800E72E4D /* Base */,
			);
			name = Main.storyboard;
			sourceTree = "<group>";
		};
/* End PBXVariantGroup section */

/* Begin XCBuildConfiguration section */
		41EA0B0429CB6A4C00E72E4D /* Debug */ = {
			isa = XCBuildConfiguration;
			buildSettings = {
				ALWAYS_SEARCH_USER_PATHS = NO;
				CLANG_ANALYZER_NONNULL = YES;
				CLANG_ANALYZER_NUMBER_OBJECT_CONVERSION = YES_AGGRESSIVE;
				CLANG_CXX_LANGUAGE_STANDARD = "gnu++14";
				CLANG_CXX_LIBRARY = "libc++";
				CLANG_ENABLE_MODULES = YES;
				CLANG_ENABLE_OBJC_ARC = YES;
				CLANG_ENABLE_OBJC_WEAK = YES;
				CLANG_WARN_BLOCK_CAPTURE_AUTORELEASING = YES;
				CLANG_WARN_BOOL_CONVERSION = YES;
				CLANG_WARN_COMMA = YES;
				CLANG_WARN_CONSTANT_CONVERSION = YES;
				CLANG_WARN_DEPRECATED_OBJC_IMPLEMENTATIONS = YES;
				CLANG_WARN_DIRECT_OBJC_ISA_USAGE = YES_ERROR;
				CLANG_WARN_DOCUMENTATION_COMMENTS = YES;
				CLANG_WARN_EMPTY_BODY = YES;
				CLANG_WARN_ENUM_CONVERSION = YES;
				CLANG_WARN_INFINITE_RECURSION = YES;
				CLANG_WARN_INT_CONVERSION = YES;
				CLANG_WARN_NON_LITERAL_NULL_CONVERSION = YES;
				CLANG_WARN_OBJC_IMPLICIT_RETAIN_SELF = YES;
				CLANG_WARN_OBJC_LITERAL_CONVERSION = YES;
				CLANG_WARN_OBJC_ROOT_CLASS = YES_ERROR;
				CLANG_WARN_QUOTED_INCLUDE_IN_FRAMEWORK_HEADER = YES;
				CLANG_WARN_RANGE_LOOP_ANALYSIS = YES;
				CLANG_WARN_STRICT_PROTOTYPES = YES;
				CLANG_WARN_SUSPICIOUS_MOVE = YES;
				CLANG_WARN_UNGUARDED_AVAILABILITY = YES_AGGRESSIVE;
				CLANG_WARN_UNREACHABLE_CODE = YES;
				CLANG_WARN__DUPLICATE_METHOD_MATCH = YES;
				COPY_PHASE_STRIP = NO;
				DEBUG_INFORMATION_FORMAT = dwarf;
				ENABLE_STRICT_OBJC_MSGSEND = YES;
				ENABLE_TESTABILITY = YES;
				GCC_C_LANGUAGE_STANDARD = gnu11;
				GCC_DYNAMIC_NO_PIC = NO;
				GCC_NO_COMMON_BLOCKS = YES;
				GCC_OPTIMIZATION_LEVEL = 0;
				GCC_PREPROCESSOR_DEFINITIONS = (
					"DEBUG=1",
					"$(inherited)",
				);
				GCC_WARN_64_TO_32_BIT_CONVERSION = YES;
				GCC_WARN_ABOUT_RETURN_TYPE = YES_ERROR;
				GCC_WARN_UNDECLARED_SELECTOR = YES;
				GCC_WARN_UNINITIALIZED_AUTOS = YES_AGGRESSIVE;
				GCC_WARN_UNUSED_FUNCTION = YES;
				GCC_WARN_UNUSED_VARIABLE = YES;
				IPHONEOS_DEPLOYMENT_TARGET = 14.4;
				MTL_ENABLE_DEBUG_INFO = INCLUDE_SOURCE;
				MTL_FAST_MATH = YES;
				ONLY_ACTIVE_ARCH = YES;
				SDKROOT = iphoneos;
				SWIFT_ACTIVE_COMPILATION_CONDITIONS = DEBUG;
				SWIFT_OPTIMIZATION_LEVEL = "-Onone";
			};
			name = Debug;
		};
		41EA0B0529CB6A4C00E72E4D /* Release */ = {
			isa = XCBuildConfiguration;
			buildSettings = {
				ALWAYS_SEARCH_USER_PATHS = NO;
				CLANG_ANALYZER_NONNULL = YES;
				CLANG_ANALYZER_NUMBER_OBJECT_CONVERSION = YES_AGGRESSIVE;
				CLANG_CXX_LANGUAGE_STANDARD = "gnu++14";
				CLANG_CXX_LIBRARY = "libc++";
				CLANG_ENABLE_MODULES = YES;
				CLANG_ENABLE_OBJC_ARC = YES;
				CLANG_ENABLE_OBJC_WEAK = YES;
				CLANG_WARN_BLOCK_CAPTURE_AUTORELEASING = YES;
				CLANG_WARN_BOOL_CONVERSION = YES;
				CLANG_WARN_COMMA = YES;
				CLANG_WARN_CONSTANT_CONVERSION = YES;
				CLANG_WARN_DEPRECATED_OBJC_IMPLEMENTATIONS = YES;
				CLANG_WARN_DIRECT_OBJC_ISA_USAGE = YES_ERROR;
				CLANG_WARN_DOCUMENTATION_COMMENTS = YES;
				CLANG_WARN_EMPTY_BODY = YES;
				CLANG_WARN_ENUM_CONVERSION = YES;
				CLANG_WARN_INFINITE_RECURSION = YES;
				CLANG_WARN_INT_CONVERSION = YES;
				CLANG_WARN_NON_LITERAL_NULL_CONVERSION = YES;
				CLANG_WARN_OBJC_IMPLICIT_RETAIN_SELF = YES;
				CLANG_WARN_OBJC_LITERAL_CONVERSION = YES;
				CLANG_WARN_OBJC_ROOT_CLASS = YES_ERROR;
				CLANG_WARN_QUOTED_INCLUDE_IN_FRAMEWORK_HEADER = YES;
				CLANG_WARN_RANGE_LOOP_ANALYSIS = YES;
				CLANG_WARN_STRICT_PROTOTYPES = YES;
				CLANG_WARN_SUSPICIOUS_MOVE = YES;
				CLANG_WARN_UNGUARDED_AVAILABILITY = YES_AGGRESSIVE;
				CLANG_WARN_UNREACHABLE_CODE = YES;
				CLANG_WARN__DUPLICATE_METHOD_MATCH = YES;
				COPY_PHASE_STRIP = NO;
				DEBUG_INFORMATION_FORMAT = "dwarf-with-dsym";
				ENABLE_NS_ASSERTIONS = NO;
				ENABLE_STRICT_OBJC_MSGSEND = YES;
				GCC_C_LANGUAGE_STANDARD = gnu11;
				GCC_NO_COMMON_BLOCKS = YES;
				GCC_WARN_64_TO_32_BIT_CONVERSION = YES;
				GCC_WARN_ABOUT_RETURN_TYPE = YES_ERROR;
				GCC_WARN_UNDECLARED_SELECTOR = YES;
				GCC_WARN_UNINITIALIZED_AUTOS = YES_AGGRESSIVE;
				GCC_WARN_UNUSED_FUNCTION = YES;
				GCC_WARN_UNUSED_VARIABLE = YES;
				IPHONEOS_DEPLOYMENT_TARGET = 14.4;
				MTL_ENABLE_DEBUG_INFO = NO;
				MTL_FAST_MATH = YES;
				SDKROOT = iphoneos;
				SWIFT_COMPILATION_MODE = wholemodule;
				SWIFT_OPTIMIZATION_LEVEL = "-O";
				VALIDATE_PRODUCT = YES;
			};
			name = Release;
		};
		41EA0B0729CB6A4C00E72E4D /* Debug */ = {
			isa = XCBuildConfiguration;
			buildSettings = {
				ASSETCATALOG_COMPILER_APPICON_NAME = AppIcon;
				ASSETCATALOG_COMPILER_GLOBAL_ACCENT_COLOR_NAME = AccentColor;
				CODE_SIGN_STYLE = Automatic;
				INFOPLIST_FILE = calculator_divya/Info.plist;
				LD_RUNPATH_SEARCH_PATHS = (
					"$(inherited)",
					"@executable_path/Frameworks",
				);
				PRODUCT_BUNDLE_IDENTIFIER = "com.Calculator-divya.calculator-divya";
				PRODUCT_NAME = "$(TARGET_NAME)";
				SWIFT_VERSION = 5.0;
				TARGETED_DEVICE_FAMILY = "1,2";
			};
			name = Debug;
		};
		41EA0B0829CB6A4C00E72E4D /* Release */ = {
			isa = XCBuildConfiguration;
			buildSettings = {
				ASSETCATALOG_COMPILER_APPICON_NAME = AppIcon;
				ASSETCATALOG_COMPILER_GLOBAL_ACCENT_COLOR_NAME = AccentColor;
				CODE_SIGN_STYLE = Automatic;
				INFOPLIST_FILE = calculator_divya/Info.plist;
				LD_RUNPATH_SEARCH_PATHS = (
					"$(inherited)",
					"@executable_path/Frameworks",
				);
				PRODUCT_BUNDLE_IDENTIFIER = "com.Calculator-divya.calculator-divya";
				PRODUCT_NAME = "$(TARGET_NAME)";
				SWIFT_VERSION = 5.0;
				TARGETED_DEVICE_FAMILY = "1,2";
			};
			name = Release;
		};
		41EA0B0A29CB6A4C00E72E4D /* Debug */ = {
			isa = XCBuildConfiguration;
			buildSettings = {
				ALWAYS_EMBED_SWIFT_STANDARD_LIBRARIES = YES;
				BUNDLE_LOADER = "$(TEST_HOST)";
				CODE_SIGN_STYLE = Automatic;
				INFOPLIST_FILE = calculator_divyaTests/Info.plist;
				IPHONEOS_DEPLOYMENT_TARGET = 14.4;
				LD_RUNPATH_SEARCH_PATHS = (
					"$(inherited)",
					"@executable_path/Frameworks",
					"@loader_path/Frameworks",
				);
				PRODUCT_BUNDLE_IDENTIFIER = "com.Calculator-divya.calculator-divyaTests";
				PRODUCT_NAME = "$(TARGET_NAME)";
				SWIFT_VERSION = 5.0;
				TARGETED_DEVICE_FAMILY = "1,2";
				TEST_HOST = "$(BUILT_PRODUCTS_DIR)/calculator_divya.app/calculator_divya";
			};
			name = Debug;
		};
		41EA0B0B29CB6A4C00E72E4D /* Release */ = {
			isa = XCBuildConfiguration;
			buildSettings = {
				ALWAYS_EMBED_SWIFT_STANDARD_LIBRARIES = YES;
				BUNDLE_LOADER = "$(TEST_HOST)";
				CODE_SIGN_STYLE = Automatic;
				INFOPLIST_FILE = calculator_divyaTests/Info.plist;
				IPHONEOS_DEPLOYMENT_TARGET = 14.4;
				LD_RUNPATH_SEARCH_PATHS = (
					"$(inherited)",
					"@executable_path/Frameworks",
					"@loader_path/Frameworks",
				);
				PRODUCT_BUNDLE_IDENTIFIER = "com.Calculator-divya.calculator-divyaTests";
				PRODUCT_NAME = "$(TARGET_NAME)";
				SWIFT_VERSION = 5.0;
				TARGETED_DEVICE_FAMILY = "1,2";
				TEST_HOST = "$(BUILT_PRODUCTS_DIR)/calculator_divya.app/calculator_divya";
			};
			name = Release;
		};
		41EA0B0D29CB6A4C00E72E4D /* Debug */ = {
			isa = XCBuildConfiguration;
			buildSettings = {
				ALWAYS_EMBED_SWIFT_STANDARD_LIBRARIES = YES;
				CODE_SIGN_STYLE = Automatic;
				INFOPLIST_FILE = calculator_divyaUITests/Info.plist;
				LD_RUNPATH_SEARCH_PATHS = (
					"$(inherited)",
					"@executable_path/Frameworks",
					"@loader_path/Frameworks",
				);
				PRODUCT_BUNDLE_IDENTIFIER = "com.Calculator-divya.calculator-divyaUITests";
				PRODUCT_NAME = "$(TARGET_NAME)";
				SWIFT_VERSION = 5.0;
				TARGETED_DEVICE_FAMILY = "1,2";
				TEST_TARGET_NAME = calculator_divya;
			};
			name = Debug;
		};
		41EA0B0E29CB6A4C00E72E4D /* Release */ = {
			isa = XCBuildConfiguration;
			buildSettings = {
				ALWAYS_EMBED_SWIFT_STANDARD_LIBRARIES = YES;
				CODE_SIGN_STYLE = Automatic;
				INFOPLIST_FILE = calculator_divyaUITests/Info.plist;
				LD_RUNPATH_SEARCH_PATHS = (
					"$(inherited)",
					"@executable_path/Frameworks",
					"@loader_path/Frameworks",
				);
				PRODUCT_BUNDLE_IDENTIFIER = "com.Calculator-divya.calculator-divyaUITests";
				PRODUCT_NAME = "$(TARGET_NAME)";
				SWIFT_VERSION = 5.0;
				TARGETED_DEVICE_FAMILY = "1,2";
				TEST_TARGET_NAME = calculator_divya;
			};
			name = Release;
		};
/* End XCBuildConfiguration section */

/* Begin XCConfigurationList section */
		41EA0AD729CB6A2A00E72E4D /* Build configuration list for PBXProject "calculator_divya" */ = {
			isa = XCConfigurationList;
			buildConfigurations = (
				41EA0B0429CB6A4C00E72E4D /* Debug */,
				41EA0B0529CB6A4C00E72E4D /* Release */,
			);
			defaultConfigurationIsVisible = 0;
			defaultConfigurationName = Release;
		};
		41EA0B0629CB6A4C00E72E4D /* Build configuration list for PBXNativeTarget "calculator_divya" */ = {
			isa = XCConfigurationList;
			buildConfigurations = (
				41EA0B0729CB6A4C00E72E4D /* Debug */,
				41EA0B0829CB6A4C00E72E4D /* Release */,
			);
			defaultConfigurationIsVisible = 0;
			defaultConfigurationName = Release;
		};
		41EA0B0929CB6A4C00E72E4D /* Build configuration list for PBXNativeTarget "calculator_divyaTests" */ = {
			isa = XCConfigurationList;
			buildConfigurations = (
				41EA0B0A29CB6A4C00E72E4D /* Debug */,
				41EA0B0B29CB6A4C00E72E4D /* Release */,
			);
			defaultConfigurationIsVisible = 0;
			defaultConfigurationName = Release;
		};
		41EA0B0C29CB6A4C00E72E4D /* Build configuration list for PBXNativeTarget "calculator_divyaUITests" */ = {
			isa = XCConfigurationList;
			buildConfigurations = (
				41EA0B0D29CB6A4C00E72E4D /* Debug */,
				41EA0B0E29CB6A4C00E72E4D /* Release */,
			);
			defaultConfigurationIsVisible = 0;
			defaultConfigurationName = Release;
		};
/* End XCConfigurationList section */
	};
	rootObject = 41EA0AD429CB6A2A00E72E4D /* Project object */;
}
